
Microsoft Visual Studio Solution File, Format Version 12.00
# Visual Studio Version 16
VisualStudioVersion = 16.0.32901.82
MinimumVisualStudioVersion = 10.0.40219.1
Project("{9A19103F-16F7-4668-BE54-9A1E7A4F7556}") = "AjmeraAssignment", "AjmeraAssignment\AjmeraAssignment.csproj", "{ABF25323-57EC-4272-8B67-3EACC927E8B5}"
EndProject
Project("{FAE04EC0-301F-11D3-BF4B-00C04F79EFBC}") = "TestProject", "TestProject\TestProject.csproj", "{50CE48A1-C954-453D-999C-63DA594283A0}"
EndProject
Global
	GlobalSection(SolutionConfigurationPlatforms) = preSolution
		Debug|Any CPU = Debug|Any CPU
		Release|Any CPU = Release|Any CPU
	EndGlobalSection
	GlobalSection(ProjectConfigurationPlatforms) = postSolution
		{ABF25323-57EC-4272-8B67-3EACC927E8B5}.Debug|Any CPU.ActiveCfg = Debug|Any CPU
		{ABF25323-57EC-4272-8B67-3EACC927E8B5}.Debug|Any CPU.Build.0 = Debug|Any CPU
		{ABF25323-57EC-4272-8B67-3EACC927E8B5}.Release|Any CPU.ActiveCfg = Release|Any CPU
		{ABF25323-57EC-4272-8B67-3EACC927E8B5}.Release|Any CPU.Build.0 = Release|Any CPU
		{50CE48A1-C954-453D-999C-63DA594283A0}.Debug|Any CPU.ActiveCfg = Debug|Any CPU
		{50CE48A1-C954-453D-999C-63DA594283A0}.Debug|Any CPU.Build.0 = Debug|Any CPU
		{50CE48A1-C954-453D-999C-63DA594283A0}.Release|Any CPU.ActiveCfg = Release|Any CPU
		{50CE48A1-C954-453D-999C-63DA594283A0}.Release|Any CPU.Build.0 = Release|Any CPU
	EndGlobalSection
	GlobalSection(SolutionProperties) = preSolution
		HideSolutionNode = FALSE
	EndGlobalSection
	GlobalSection(ExtensibilityGlobals) = postSolution
		SolutionGuid = {FBF9505C-ECE9-4F63-87D3-5AE101D56547}
	EndGlobalSection
EndGlobal
